
Microsoft Visual Studio Solution File, Format Version 12.00
# Visual Studio Version 17
VisualStudioVersion = 17.4.33213.308
MinimumVisualStudioVersion = 10.0.40219.1
Project("{FAE04EC0-301F-11D3-BF4B-00C04F79EFBC}") = "DrawProject", "DrawProject\DrawProject.csproj", "{57D7DFED-A46B-47AA-AE57-05831C257589}"
EndProject
Global
	GlobalSection(SolutionConfigurationPlatforms) = preSolution
		Debug|Any CPU = Debug|Any CPU
		Release|Any CPU = Release|Any CPU
	EndGlobalSection
	GlobalSection(ProjectConfigurationPlatforms) = postSolution
		{57D7DFED-A46B-47AA-AE57-05831C257589}.Debug|Any CPU.ActiveCfg = Debug|Any CPU
		{57D7DFED-A46B-47AA-AE57-05831C257589}.Debug|Any CPU.Build.0 = Debug|Any CPU
		{57D7DFED-A46B-47AA-AE57-05831C257589}.Release|Any CPU.ActiveCfg = Release|Any CPU
		{57D7DFED-A46B-47AA-AE57-05831C257589}.Release|Any CPU.Build.0 = Release|Any CPU
	EndGlobalSection
	GlobalSection(SolutionProperties) = preSolution
		HideSolutionNode = FALSE
	EndGlobalSection
	GlobalSection(ExtensibilityGlobals) = postSolution
		SolutionGuid = {3AA5A7F1-6A6A-403C-810F-F777E33E9913}
	EndGlobalSection
EndGlobal
